// !$*UTF8*$!
{
	archiveVersion = 1;
	classes = {
	};
	objectVersion = 56;
	objects = {

/* Begin PBXBuildFile section */
		D697EA6D2C5344350026EA17 /* AlertToast in Frameworks */ = {isa = PBXBuildFile; productRef = D697EA6C2C5344350026EA17 /* AlertToast */; };
		D697EA6F2C5344520026EA17 /* MediaView.swift in Sources */ = {isa = PBXBuildFile; fileRef = D697EA6E2C5344520026EA17 /* MediaView.swift */; };
		D697EA712C53445D0026EA17 /* StopMediaView.swift in Sources */ = {isa = PBXBuildFile; fileRef = D697EA702C53445D0026EA17 /* StopMediaView.swift */; };
		D697EA732C5344920026EA17 /* WebView.swift in Sources */ = {isa = PBXBuildFile; fileRef = D697EA722C5344920026EA17 /* WebView.swift */; };
		D6F25E922C52F65F0039C25B /* ExportHTMLApp.swift in Sources */ = {isa = PBXBuildFile; fileRef = D6F25E912C52F65F0039C25B /* ExportHTMLApp.swift */; };
		D6F25E942C52F65F0039C25B /* ContentView.swift in Sources */ = {isa = PBXBuildFile; fileRef = D6F25E932C52F65F0039C25B /* ContentView.swift */; };
		D6F25E962C52F6620039C25B /* Assets.xcassets in Resources */ = {isa = PBXBuildFile; fileRef = D6F25E952C52F6620039C25B /* Assets.xcassets */; };
		D6F25E992C52F6620039C25B /* Preview Assets.xcassets in Resources */ = {isa = PBXBuildFile; fileRef = D6F25E982C52F6620039C25B /* Preview Assets.xcassets */; };
		D6F25EA12C52F6F00039C25B /* Helper.swift in Sources */ = {isa = PBXBuildFile; fileRef = D6F25EA02C52F6F00039C25B /* Helper.swift */; };
/* End PBXBuildFile section */

/* Begin PBXFileReference section */
		D697EA6E2C5344520026EA17 /* MediaView.swift */ = {isa = PBXFileReference; lastKnownFileType = sourcecode.swift; path = MediaView.swift; sourceTree = "<group>"; };
		D697EA702C53445D0026EA17 /* StopMediaView.swift */ = {isa = PBXFileReference; lastKnownFileType = sourcecode.swift; path = StopMediaView.swift; sourceTree = "<group>"; };
		D697EA722C5344920026EA17 /* WebView.swift */ = {isa = PBXFileReference; lastKnownFileType = sourcecode.swift; path = WebView.swift; sourceTree = "<group>"; };
		D6F25E8E2C52F65F0039C25B /* ExportHTML.app */ = {isa = PBXFileReference; explicitFileType = wrapper.application; includeInIndex = 0; path = ExportHTML.app; sourceTree = BUILT_PRODUCTS_DIR; };
		D6F25E912C52F65F0039C25B /* ExportHTMLApp.swift */ = {isa = PBXFileReference; lastKnownFileType = sourcecode.swift; path = ExportHTMLApp.swift; sourceTree = "<group>"; };
		D6F25E932C52F65F0039C25B /* ContentView.swift */ = {isa = PBXFileReference; lastKnownFileType = sourcecode.swift; path = ContentView.swift; sourceTree = "<group>"; };
		D6F25E952C52F6620039C25B /* Assets.xcassets */ = {isa = PBXFileReference; lastKnownFileType = folder.assetcatalog; path = Assets.xcassets; sourceTree = "<group>"; };
		D6F25E982C52F6620039C25B /* Preview Assets.xcassets */ = {isa = PBXFileReference; lastKnownFileType = folder.assetcatalog; path = "Preview Assets.xcassets"; sourceTree = "<group>"; };
		D6F25E9A2C52F6620039C25B /* ExportHTML.entitlements */ = {isa = PBXFileReference; lastKnownFileType = text.plist.entitlements; path = ExportHTML.entitlements; sourceTree = "<group>"; };
		D6F25EA02C52F6F00039C25B /* Helper.swift */ = {isa = PBXFileReference; lastKnownFileType = sourcecode.swift; path = Helper.swift; sourceTree = "<group>"; };
/* End PBXFileReference section */

/* Begin PBXFrameworksBuildPhase section */
		D6F25E8B2C52F65F0039C25B /* Frameworks */ = {
			isa = PBXFrameworksBuildPhase;
			buildActionMask = 2147483647;
			files = (
				D697EA6D2C5344350026EA17 /* AlertToast in Frameworks */,
			);
			runOnlyForDeploymentPostprocessing = 0;
		};
/* End PBXFrameworksBuildPhase section */

/* Begin PBXGroup section */
		D6F25E852C52F65F0039C25B = {
			isa = PBXGroup;
			children = (
				D6F25E902C52F65F0039C25B /* ExportHTML */,
				D6F25E8F2C52F65F0039C25B /* Products */,
			);
			sourceTree = "<group>";
		};
		D6F25E8F2C52F65F0039C25B /* Products */ = {
			isa = PBXGroup;
			children = (
				D6F25E8E2C52F65F0039C25B /* ExportHTML.app */,
			);
			name = Products;
			sourceTree = "<group>";
		};
		D6F25E902C52F65F0039C25B /* ExportHTML */ = {
			isa = PBXGroup;
			children = (
				D6F25E912C52F65F0039C25B /* ExportHTMLApp.swift */,
				D6F25E932C52F65F0039C25B /* ContentView.swift */,
				D6F25E952C52F6620039C25B /* Assets.xcassets */,
				D6F25E9A2C52F6620039C25B /* ExportHTML.entitlements */,
				D6F25E972C52F6620039C25B /* Preview Content */,
				D6F25EA02C52F6F00039C25B /* Helper.swift */,
				D697EA6E2C5344520026EA17 /* MediaView.swift */,
				D697EA702C53445D0026EA17 /* StopMediaView.swift */,
				D697EA722C5344920026EA17 /* WebView.swift */,
			);
			path = ExportHTML;
			sourceTree = "<group>";
		};
		D6F25E972C52F6620039C25B /* Preview Content */ = {
			isa = PBXGroup;
			children = (
				D6F25E982C52F6620039C25B /* Preview Assets.xcassets */,
			);
			path = "Preview Content";
			sourceTree = "<group>";
		};
/* End PBXGroup section */

/* Begin PBXNativeTarget section */
		D6F25E8D2C52F65F0039C25B /* ExportHTML */ = {
			isa = PBXNativeTarget;
			buildConfigurationList = D6F25E9D2C52F6620039C25B /* Build configuration list for PBXNativeTarget "ExportHTML" */;
			buildPhases = (
				D6F25E8A2C52F65F0039C25B /* Sources */,
				D6F25E8B2C52F65F0039C25B /* Frameworks */,
				D6F25E8C2C52F65F0039C25B /* Resources */,
			);
			buildRules = (
			);
			dependencies = (
			);
			name = ExportHTML;
			packageProductDependencies = (
				D697EA6C2C5344350026EA17 /* AlertToast */,
			);
			productName = ExportHTML;
			productReference = D6F25E8E2C52F65F0039C25B /* ExportHTML.app */;
			productType = "com.apple.product-type.application";
		};
/* End PBXNativeTarget section */

/* Begin PBXProject section */
		D6F25E862C52F65F0039C25B /* Project object */ = {
			isa = PBXProject;
			attributes = {
				BuildIndependentTargetsInParallel = 1;
				LastSwiftUpdateCheck = 1540;
				LastUpgradeCheck = 1540;
				TargetAttributes = {
					D6F25E8D2C52F65F0039C25B = {
						CreatedOnToolsVersion = 15.4;
					};
				};
			};
			buildConfigurationList = D6F25E892C52F65F0039C25B /* Build configuration list for PBXProject "ExportHTML" */;
			compatibilityVersion = "Xcode 14.0";
			developmentRegion = en;
			hasScannedForEncodings = 0;
			knownRegions = (
				en,
				Base,
			);
			mainGroup = D6F25E852C52F65F0039C25B;
			packageReferences = (
				D697EA6B2C5344350026EA17 /* XCRemoteSwiftPackageReference "AlertToast" */,
			);
			productRefGroup = D6F25E8F2C52F65F0039C25B /* Products */;
			projectDirPath = "";
			projectRoot = "";
			targets = (
				D6F25E8D2C52F65F0039C25B /* ExportHTML */,
			);
		};
/* End PBXProject section */

/* Begin PBXResourcesBuildPhase section */
		D6F25E8C2C52F65F0039C25B /* Resources */ = {
			isa = PBXResourcesBuildPhase;
			buildActionMask = 2147483647;
			files = (
				D6F25E992C52F6620039C25B /* Preview Assets.xcassets in Resources */,
				D6F25E962C52F6620039C25B /* Assets.xcassets in Resources */,
			);
			runOnlyForDeploymentPostprocessing = 0;
		};
/* End PBXResourcesBuildPhase section */

/* Begin PBXSourcesBuildPhase section */
		D6F25E8A2C52F65F0039C25B /* Sources */ = {
			isa = PBXSourcesBuildPhase;
			buildActionMask = 2147483647;
			files = (
				D6F25E942C52F65F0039C25B /* ContentView.swift in Sources */,
				D697EA6F2C5344520026EA17 /* MediaView.swift in Sources */,
				D6F25E922C52F65F0039C25B /* ExportHTMLApp.swift in Sources */,
				D697EA732C5344920026EA17 /* WebView.swift in Sources */,
				D6F25EA12C52F6F00039C25B /* Helper.swift in Sources */,
				D697EA712C53445D0026EA17 /* StopMediaView.swift in Sources */,
			);
			runOnlyForDeploymentPostprocessing = 0;
		};
/* End PBXSourcesBuildPhase section */

/* Begin XCBuildConfiguration section */
		D6F25E9B2C52F6620039C25B /* Debug */ = {
			isa = XCBuildConfiguration;
			buildSettings = {
				ALWAYS_SEARCH_USER_PATHS = NO;
				ASSETCATALOG_COMPILER_GENERATE_SWIFT_ASSET_SYMBOL_EXTENSIONS = YES;
				CLANG_ANALYZER_NONNULL = YES;
				CLANG_ANALYZER_NUMBER_OBJECT_CONVERSION = YES_AGGRESSIVE;
				CLANG_CXX_LANGUAGE_STANDARD = "gnu++20";
				CLANG_ENABLE_MODULES = YES;
				CLANG_ENABLE_OBJC_ARC = YES;
				CLANG_ENABLE_OBJC_WEAK = YES;
				CLANG_WARN_BLOCK_CAPTURE_AUTORELEASING = YES;
				CLANG_WARN_BOOL_CONVERSION = YES;
				CLANG_WARN_COMMA = YES;
				CLANG_WARN_CONSTANT_CONVERSION = YES;
				CLANG_WARN_DEPRECATED_OBJC_IMPLEMENTATIONS = YES;
				CLANG_WARN_DIRECT_OBJC_ISA_USAGE = YES_ERROR;
				CLANG_WARN_DOCUMENTATION_COMMENTS = YES;
				CLANG_WARN_EMPTY_BODY = YES;
				CLANG_WARN_ENUM_CONVERSION = YES;
				CLANG_WARN_INFINITE_RECURSION = YES;
				CLANG_WARN_INT_CONVERSION = YES;
				CLANG_WARN_NON_LITERAL_NULL_CONVERSION = YES;
				CLANG_WARN_OBJC_IMPLICIT_RETAIN_SELF = YES;
				CLANG_WARN_OBJC_LITERAL_CONVERSION = YES;
				CLANG_WARN_OBJC_ROOT_CLASS = YES_ERROR;
				CLANG_WARN_QUOTED_INCLUDE_IN_FRAMEWORK_HEADER = YES;
				CLANG_WARN_RANGE_LOOP_ANALYSIS = YES;
				CLANG_WARN_STRICT_PROTOTYPES = YES;
				CLANG_WARN_SUSPICIOUS_MOVE = YES;
				CLANG_WARN_UNGUARDED_AVAILABILITY = YES_AGGRESSIVE;
				CLANG_WARN_UNREACHABLE_CODE = YES;
				CLANG_WARN__DUPLICATE_METHOD_MATCH = YES;
				COPY_PHASE_STRIP = NO;
				DEBUG_INFORMATION_FORMAT = dwarf;
				ENABLE_STRICT_OBJC_MSGSEND = YES;
				ENABLE_TESTABILITY = YES;
				ENABLE_USER_SCRIPT_SANDBOXING = YES;
				GCC_C_LANGUAGE_STANDARD = gnu17;
				GCC_DYNAMIC_NO_PIC = NO;
				GCC_NO_COMMON_BLOCKS = YES;
				GCC_OPTIMIZATION_LEVEL = 0;
				GCC_PREPROCESSOR_DEFINITIONS = (
					"DEBUG=1",
					"$(inherited)",
				);
				GCC_WARN_64_TO_32_BIT_CONVERSION = YES;
				GCC_WARN_ABOUT_RETURN_TYPE = YES_ERROR;
				GCC_WARN_UNDECLARED_SELECTOR = YES;
				GCC_WARN_UNINITIALIZED_AUTOS = YES_AGGRESSIVE;
				GCC_WARN_UNUSED_FUNCTION = YES;
				GCC_WARN_UNUSED_VARIABLE = YES;
				LOCALIZATION_PREFERS_STRING_CATALOGS = YES;
				MACOSX_DEPLOYMENT_TARGET = 14.5;
				MTL_ENABLE_DEBUG_INFO = INCLUDE_SOURCE;
				MTL_FAST_MATH = YES;
				ONLY_ACTIVE_ARCH = YES;
				SDKROOT = macosx;
				SWIFT_ACTIVE_COMPILATION_CONDITIONS = "DEBUG $(inherited)";
				SWIFT_OPTIMIZATION_LEVEL = "-Onone";
			};
			name = Debug;
		};
		D6F25E9C2C52F6620039C25B /* Release */ = {
			isa = XCBuildConfiguration;
			buildSettings = {
				ALWAYS_SEARCH_USER_PATHS = NO;
				ASSETCATALOG_COMPILER_GENERATE_SWIFT_ASSET_SYMBOL_EXTENSIONS = YES;
				CLANG_ANALYZER_NONNULL = YES;
				CLANG_ANALYZER_NUMBER_OBJECT_CONVERSION = YES_AGGRESSIVE;
				CLANG_CXX_LANGUAGE_STANDARD = "gnu++20";
				CLANG_ENABLE_MODULES = YES;
				CLANG_ENABLE_OBJC_ARC = YES;
				CLANG_ENABLE_OBJC_WEAK = YES;
				CLANG_WARN_BLOCK_CAPTURE_AUTORELEASING = YES;
				CLANG_WARN_BOOL_CONVERSION = YES;
				CLANG_WARN_COMMA = YES;
				CLANG_WARN_CONSTANT_CONVERSION = YES;
				CLANG_WARN_DEPRECATED_OBJC_IMPLEMENTATIONS = YES;
				CLANG_WARN_DIRECT_OBJC_ISA_USAGE = YES_ERROR;
				CLANG_WARN_DOCUMENTATION_COMMENTS = YES;
				CLANG_WARN_EMPTY_BODY = YES;
				CLANG_WARN_ENUM_CONVERSION = YES;
				CLANG_WARN_INFINITE_RECURSION = YES;
				CLANG_WARN_INT_CONVERSION = YES;
				CLANG_WARN_NON_LITERAL_NULL_CONVERSION = YES;
				CLANG_WARN_OBJC_IMPLICIT_RETAIN_SELF = YES;
				CLANG_WARN_OBJC_LITERAL_CONVERSION = YES;
				CLANG_WARN_OBJC_ROOT_CLASS = YES_ERROR;
				CLANG_WARN_QUOTED_INCLUDE_IN_FRAMEWORK_HEADER = YES;
				CLANG_WARN_RANGE_LOOP_ANALYSIS = YES;
				CLANG_WARN_STRICT_PROTOTYPES = YES;
				CLANG_WARN_SUSPICIOUS_MOVE = YES;
				CLANG_WARN_UNGUARDED_AVAILABILITY = YES_AGGRESSIVE;
				CLANG_WARN_UNREACHABLE_CODE = YES;
				CLANG_WARN__DUPLICATE_METHOD_MATCH = YES;
				COPY_PHASE_STRIP = NO;
				DEBUG_INFORMATION_FORMAT = "dwarf-with-dsym";
				ENABLE_NS_ASSERTIONS = NO;
				ENABLE_STRICT_OBJC_MSGSEND = YES;
				ENABLE_USER_SCRIPT_SANDBOXING = YES;
				GCC_C_LANGUAGE_STANDARD = gnu17;
				GCC_NO_COMMON_BLOCKS = YES;
				GCC_WARN_64_TO_32_BIT_CONVERSION = YES;
				GCC_WARN_ABOUT_RETURN_TYPE = YES_ERROR;
				GCC_WARN_UNDECLARED_SELECTOR = YES;
				GCC_WARN_UNINITIALIZED_AUTOS = YES_AGGRESSIVE;
				GCC_WARN_UNUSED_FUNCTION = YES;
				GCC_WARN_UNUSED_VARIABLE = YES;
				LOCALIZATION_PREFERS_STRING_CATALOGS = YES;
				MACOSX_DEPLOYMENT_TARGET = 14.5;
				MTL_ENABLE_DEBUG_INFO = NO;
				MTL_FAST_MATH = YES;
				SDKROOT = macosx;
				SWIFT_COMPILATION_MODE = wholemodule;
			};
			name = Release;
		};
		D6F25E9E2C52F6620039C25B /* Debug */ = {
			isa = XCBuildConfiguration;
			buildSettings = {
				ASSETCATALOG_COMPILER_APPICON_NAME = AppIcon;
				ASSETCATALOG_COMPILER_GLOBAL_ACCENT_COLOR_NAME = AccentColor;
				CODE_SIGN_ENTITLEMENTS = ExportHTML/ExportHTML.entitlements;
				CODE_SIGN_STYLE = Automatic;
				COMBINE_HIDPI_IMAGES = YES;
				CURRENT_PROJECT_VERSION = 1;
				DEVELOPMENT_ASSET_PATHS = "\"ExportHTML/Preview Content\"";
				DEVELOPMENT_TEAM = K6LJCT8RAA;
				ENABLE_HARDENED_RUNTIME = YES;
				ENABLE_PREVIEWS = YES;
				GENERATE_INFOPLIST_FILE = YES;
				INFOPLIST_KEY_NSHumanReadableCopyright = "";
				LD_RUNPATH_SEARCH_PATHS = (
					"$(inherited)",
					"@executable_path/../Frameworks",
				);
				MARKETING_VERSION = 1.0;
				PRODUCT_BUNDLE_IDENTIFIER = com.template.ExportHTML;
				PRODUCT_NAME = "$(TARGET_NAME)";
				SWIFT_EMIT_LOC_STRINGS = YES;
				SWIFT_VERSION = 5.0;
			};
			name = Debug;
		};
		D6F25E9F2C52F6620039C25B /* Release */ = {
			isa = XCBuildConfiguration;
			buildSettings = {
				ASSETCATALOG_COMPILER_APPICON_NAME = AppIcon;
				ASSETCATALOG_COMPILER_GLOBAL_ACCENT_COLOR_NAME = AccentColor;
				CODE_SIGN_ENTITLEMENTS = ExportHTML/ExportHTML.entitlements;
				CODE_SIGN_STYLE = Automatic;
				COMBINE_HIDPI_IMAGES = YES;
				CURRENT_PROJECT_VERSION = 1;
				DEVELOPMENT_ASSET_PATHS = "\"ExportHTML/Preview Content\"";
				DEVELOPMENT_TEAM = K6LJCT8RAA;
				ENABLE_HARDENED_RUNTIME = YES;
				ENABLE_PREVIEWS = YES;
				GENERATE_INFOPLIST_FILE = YES;
				INFOPLIST_KEY_NSHumanReadableCopyright = "";
				LD_RUNPATH_SEARCH_PATHS = (
					"$(inherited)",
					"@executable_path/../Frameworks",
				);
				MARKETING_VERSION = 1.0;
				PRODUCT_BUNDLE_IDENTIFIER = com.template.ExportHTML;
				PRODUCT_NAME = "$(TARGET_NAME)";
				SWIFT_EMIT_LOC_STRINGS = YES;
				SWIFT_VERSION = 5.0;
			};
			name = Release;
		};
/* End XCBuildConfiguration section */

/* Begin XCConfigurationList section */
		D6F25E892C52F65F0039C25B /* Build configuration list for PBXProject "ExportHTML" */ = {
			isa = XCConfigurationList;
			buildConfigurations = (
				D6F25E9B2C52F6620039C25B /* Debug */,
				D6F25E9C2C52F6620039C25B /* Release */,
			);
			defaultConfigurationIsVisible = 0;
			defaultConfigurationName = Release;
		};
		D6F25E9D2C52F6620039C25B /* Build configuration list for PBXNativeTarget "ExportHTML" */ = {
			isa = XCConfigurationList;
			buildConfigurations = (
				D6F25E9E2C52F6620039C25B /* Debug */,
				D6F25E9F2C52F6620039C25B /* Release */,
			);
			defaultConfigurationIsVisible = 0;
			defaultConfigurationName = Release;
		};
/* End XCConfigurationList section */

/* Begin XCRemoteSwiftPackageReference section */
		D697EA6B2C5344350026EA17 /* XCRemoteSwiftPackageReference "AlertToast" */ = {
			isa = XCRemoteSwiftPackageReference;
			repositoryURL = "https://github.com/elai950/AlertToast.git";
			requirement = {
				kind = upToNextMajorVersion;
				minimumVersion = 1.3.9;
			};
		};
/* End XCRemoteSwiftPackageReference section */

/* Begin XCSwiftPackageProductDependency section */
		D697EA6C2C5344350026EA17 /* AlertToast */ = {
			isa = XCSwiftPackageProductDependency;
			package = D697EA6B2C5344350026EA17 /* XCRemoteSwiftPackageReference "AlertToast" */;
			productName = AlertToast;
		};
/* End XCSwiftPackageProductDependency section */
	};
	rootObject = D6F25E862C52F65F0039C25B /* Project object */;
}
